
Microsoft Visual Studio Solution File, Format Version 12.00
# Visual Studio Version 16
VisualStudioVersion = 16.0.30114.105
MinimumVisualStudioVersion = 10.0.40219.1
Project("{9A19103F-16F7-4668-BE54-9A1E7A4F7556}") = "DPA.Sapewin.CalculationWorkflow", "src\DPA.Sapewin.CalculationWorkflow\DPA.Sapewin.CalculationWorkflow.csproj", "{7AB9E93F-FAAA-41FC-8FBE-6B79E8ADB897}"
EndProject
Project("{9A19103F-16F7-4668-BE54-9A1E7A4F7556}") = "DPA.Sapewin.Domain", "src\DPA.Sapewin.Domain\DPA.Sapewin.Domain.csproj", "{13FFD361-1988-46C0-BBF7-648FC7CB9054}"
EndProject
Project("{9A19103F-16F7-4668-BE54-9A1E7A4F7556}") = "DPA.Sapewin.Repository", "src\DPA.Sapewin.Repository\DPA.Sapewin.Repository.csproj", "{C0FE69D0-8B87-4C01-AD9F-598A925E2A87}"
EndProject
Global
	GlobalSection(SolutionConfigurationPlatforms) = preSolution
		Debug|Any CPU = Debug|Any CPU
		Debug|x64 = Debug|x64
		Debug|x86 = Debug|x86
		Release|Any CPU = Release|Any CPU
		Release|x64 = Release|x64
		Release|x86 = Release|x86
	EndGlobalSection
	GlobalSection(ProjectConfigurationPlatforms) = postSolution
		{7AB9E93F-FAAA-41FC-8FBE-6B79E8ADB897}.Debug|Any CPU.ActiveCfg = Debug|Any CPU
		{7AB9E93F-FAAA-41FC-8FBE-6B79E8ADB897}.Debug|Any CPU.Build.0 = Debug|Any CPU
		{7AB9E93F-FAAA-41FC-8FBE-6B79E8ADB897}.Debug|x64.ActiveCfg = Debug|Any CPU
		{7AB9E93F-FAAA-41FC-8FBE-6B79E8ADB897}.Debug|x64.Build.0 = Debug|Any CPU
		{7AB9E93F-FAAA-41FC-8FBE-6B79E8ADB897}.Debug|x86.ActiveCfg = Debug|Any CPU
		{7AB9E93F-FAAA-41FC-8FBE-6B79E8ADB897}.Debug|x86.Build.0 = Debug|Any CPU
		{7AB9E93F-FAAA-41FC-8FBE-6B79E8ADB897}.Release|Any CPU.ActiveCfg = Release|Any CPU
		{7AB9E93F-FAAA-41FC-8FBE-6B79E8ADB897}.Release|Any CPU.Build.0 = Release|Any CPU
		{7AB9E93F-FAAA-41FC-8FBE-6B79E8ADB897}.Release|x64.ActiveCfg = Release|Any CPU
		{7AB9E93F-FAAA-41FC-8FBE-6B79E8ADB897}.Release|x64.Build.0 = Release|Any CPU
		{7AB9E93F-FAAA-41FC-8FBE-6B79E8ADB897}.Release|x86.ActiveCfg = Release|Any CPU
		{7AB9E93F-FAAA-41FC-8FBE-6B79E8ADB897}.Release|x86.Build.0 = Release|Any CPU
		{13FFD361-1988-46C0-BBF7-648FC7CB9054}.Debug|Any CPU.ActiveCfg = Debug|Any CPU
		{13FFD361-1988-46C0-BBF7-648FC7CB9054}.Debug|Any CPU.Build.0 = Debug|Any CPU
		{13FFD361-1988-46C0-BBF7-648FC7CB9054}.Debug|x64.ActiveCfg = Debug|Any CPU
		{13FFD361-1988-46C0-BBF7-648FC7CB9054}.Debug|x64.Build.0 = Debug|Any CPU
		{13FFD361-1988-46C0-BBF7-648FC7CB9054}.Debug|x86.ActiveCfg = Debug|Any CPU
		{13FFD361-1988-46C0-BBF7-648FC7CB9054}.Debug|x86.Build.0 = Debug|Any CPU
		{13FFD361-1988-46C0-BBF7-648FC7CB9054}.Release|Any CPU.ActiveCfg = Release|Any CPU
		{13FFD361-1988-46C0-BBF7-648FC7CB9054}.Release|Any CPU.Build.0 = Release|Any CPU
		{13FFD361-1988-46C0-BBF7-648FC7CB9054}.Release|x64.ActiveCfg = Release|Any CPU
		{13FFD361-1988-46C0-BBF7-648FC7CB9054}.Release|x64.Build.0 = Release|Any CPU
		{13FFD361-1988-46C0-BBF7-648FC7CB9054}.Release|x86.ActiveCfg = Release|Any CPU
		{13FFD361-1988-46C0-BBF7-648FC7CB9054}.Release|x86.Build.0 = Release|Any CPU
		{C0FE69D0-8B87-4C01-AD9F-598A925E2A87}.Debug|Any CPU.ActiveCfg = Debug|Any CPU
		{C0FE69D0-8B87-4C01-AD9F-598A925E2A87}.Debug|Any CPU.Build.0 = Debug|Any CPU
		{C0FE69D0-8B87-4C01-AD9F-598A925E2A87}.Debug|x64.ActiveCfg = Debug|Any CPU
		{C0FE69D0-8B87-4C01-AD9F-598A925E2A87}.Debug|x64.Build.0 = Debug|Any CPU
		{C0FE69D0-8B87-4C01-AD9F-598A925E2A87}.Debug|x86.ActiveCfg = Debug|Any CPU
		{C0FE69D0-8B87-4C01-AD9F-598A925E2A87}.Debug|x86.Build.0 = Debug|Any CPU
		{C0FE69D0-8B87-4C01-AD9F-598A925E2A87}.Release|Any CPU.ActiveCfg = Release|Any CPU
		{C0FE69D0-8B87-4C01-AD9F-598A925E2A87}.Release|Any CPU.Build.0 = Release|Any CPU
		{C0FE69D0-8B87-4C01-AD9F-598A925E2A87}.Release|x64.ActiveCfg = Release|Any CPU
		{C0FE69D0-8B87-4C01-AD9F-598A925E2A87}.Release|x64.Build.0 = Release|Any CPU
		{C0FE69D0-8B87-4C01-AD9F-598A925E2A87}.Release|x86.ActiveCfg = Release|Any CPU
		{C0FE69D0-8B87-4C01-AD9F-598A925E2A87}.Release|x86.Build.0 = Release|Any CPU
	EndGlobalSection
	GlobalSection(SolutionProperties) = preSolution
		HideSolutionNode = FALSE
	EndGlobalSection
	GlobalSection(ExtensibilityGlobals) = postSolution
		SolutionGuid = {084FB1A1-C00E-4666-B6AD-FBFEC783E262}
	EndGlobalSection
EndGlobal
